
Microsoft Visual Studio Solution File, Format Version 12.00
# Visual Studio Version 17
VisualStudioVersion = 17.12.35707.178 d17.12
MinimumVisualStudioVersion = 10.0.40219.1
Project("{FAE04EC0-301F-11D3-BF4B-00C04F79EFBC}") = "LMS", "LMS\LMS.csproj", "{658D6C7C-D6C0-4CC3-AF9F-DE7A57EC4044}"
EndProject
Global
	GlobalSection(SolutionConfigurationPlatforms) = preSolution
		Debug|Any CPU = Debug|Any CPU
		Release|Any CPU = Release|Any CPU
	EndGlobalSection
	GlobalSection(ProjectConfigurationPlatforms) = postSolution
		{658D6C7C-D6C0-4CC3-AF9F-DE7A57EC4044}.Debug|Any CPU.ActiveCfg = Debug|Any CPU
		{658D6C7C-D6C0-4CC3-AF9F-DE7A57EC4044}.Debug|Any CPU.Build.0 = Debug|Any CPU
		{658D6C7C-D6C0-4CC3-AF9F-DE7A57EC4044}.Release|Any CPU.ActiveCfg = Release|Any CPU
		{658D6C7C-D6C0-4CC3-AF9F-DE7A57EC4044}.Release|Any CPU.Build.0 = Release|Any CPU
	EndGlobalSection
	GlobalSection(SolutionProperties) = preSolution
		HideSolutionNode = FALSE
	EndGlobalSection
EndGlobal
